
Microsoft Visual Studio Solution File, Format Version 12.00
# Visual Studio 15
VisualStudioVersion = 15.0.28307.271
MinimumVisualStudioVersion = 10.0.40219.1
Project("{9A19103F-16F7-4668-BE54-9A1E7A4F7556}") = "ORMNZ.Blazor.Authorization", "ORMNZ.Blazor.Authorization.csproj", "{D5E3C14A-E866-4DE0-ABC3-1B574FF62A43}"
EndProject
Global
	GlobalSection(SolutionConfigurationPlatforms) = preSolution
		Debug|Any CPU = Debug|Any CPU
		Release|Any CPU = Release|Any CPU
	EndGlobalSection
	GlobalSection(ProjectConfigurationPlatforms) = postSolution
		{D5E3C14A-E866-4DE0-ABC3-1B574FF62A43}.Debug|Any CPU.ActiveCfg = Debug|Any CPU
		{D5E3C14A-E866-4DE0-ABC3-1B574FF62A43}.Debug|Any CPU.Build.0 = Debug|Any CPU
		{D5E3C14A-E866-4DE0-ABC3-1B574FF62A43}.Release|Any CPU.ActiveCfg = Release|Any CPU
		{D5E3C14A-E866-4DE0-ABC3-1B574FF62A43}.Release|Any CPU.Build.0 = Release|Any CPU
	EndGlobalSection
	GlobalSection(SolutionProperties) = preSolution
		HideSolutionNode = FALSE
	EndGlobalSection
	GlobalSection(ExtensibilityGlobals) = postSolution
		SolutionGuid = {A3FC9D59-48B9-4BB1-B695-8B34BBD1FED8}
	EndGlobalSection
EndGlobal
